
Microsoft Visual Studio Solution File, Format Version 12.00
# Visual Studio Version 17
VisualStudioVersion = 17.7.34024.191
MinimumVisualStudioVersion = 10.0.40219.1
Project("{FAE04EC0-301F-11D3-BF4B-00C04F79EFBC}") = "Transportes", "Transportes.csproj", "{47779A46-6B86-4E75-8B70-E02217BB95E9}"
EndProject
Global
	GlobalSection(SolutionConfigurationPlatforms) = preSolution
		Debug|Any CPU = Debug|Any CPU
		Release|Any CPU = Release|Any CPU
	EndGlobalSection
	GlobalSection(ProjectConfigurationPlatforms) = postSolution
		{47779A46-6B86-4E75-8B70-E02217BB95E9}.Debug|Any CPU.ActiveCfg = Debug|Any CPU
		{47779A46-6B86-4E75-8B70-E02217BB95E9}.Debug|Any CPU.Build.0 = Debug|Any CPU
		{47779A46-6B86-4E75-8B70-E02217BB95E9}.Release|Any CPU.ActiveCfg = Release|Any CPU
		{47779A46-6B86-4E75-8B70-E02217BB95E9}.Release|Any CPU.Build.0 = Release|Any CPU
	EndGlobalSection
	GlobalSection(SolutionProperties) = preSolution
		HideSolutionNode = FALSE
	EndGlobalSection
	GlobalSection(ExtensibilityGlobals) = postSolution
		SolutionGuid = {2A8D9B5C-231C-4185-BDA1-AD892092333A}
	EndGlobalSection
EndGlobal
