
Microsoft Visual Studio Solution File, Format Version 12.00
# Visual Studio Version 17
VisualStudioVersion = 17.7.34003.232
MinimumVisualStudioVersion = 10.0.40219.1
Project("{FAE04EC0-301F-11D3-BF4B-00C04F79EFBC}") = "Vetores", "Vetores.csproj", "{36AE66D0-2179-4A27-9667-F18A05738CFE}"
EndProject
Project("{FAE04EC0-301F-11D3-BF4B-00C04F79EFBC}") = "Matrizes", "..\Matrizes\Matrizes.csproj", "{EF7DBCBB-9EB4-45A1-808C-EDE00A71279C}"
EndProject
Global
	GlobalSection(SolutionConfigurationPlatforms) = preSolution
		Debug|Any CPU = Debug|Any CPU
		Release|Any CPU = Release|Any CPU
	EndGlobalSection
	GlobalSection(ProjectConfigurationPlatforms) = postSolution
		{36AE66D0-2179-4A27-9667-F18A05738CFE}.Debug|Any CPU.ActiveCfg = Debug|Any CPU
		{36AE66D0-2179-4A27-9667-F18A05738CFE}.Debug|Any CPU.Build.0 = Debug|Any CPU
		{36AE66D0-2179-4A27-9667-F18A05738CFE}.Release|Any CPU.ActiveCfg = Release|Any CPU
		{36AE66D0-2179-4A27-9667-F18A05738CFE}.Release|Any CPU.Build.0 = Release|Any CPU
		{EF7DBCBB-9EB4-45A1-808C-EDE00A71279C}.Debug|Any CPU.ActiveCfg = Debug|Any CPU
		{EF7DBCBB-9EB4-45A1-808C-EDE00A71279C}.Debug|Any CPU.Build.0 = Debug|Any CPU
		{EF7DBCBB-9EB4-45A1-808C-EDE00A71279C}.Release|Any CPU.ActiveCfg = Release|Any CPU
		{EF7DBCBB-9EB4-45A1-808C-EDE00A71279C}.Release|Any CPU.Build.0 = Release|Any CPU
	EndGlobalSection
	GlobalSection(SolutionProperties) = preSolution
		HideSolutionNode = FALSE
	EndGlobalSection
	GlobalSection(ExtensibilityGlobals) = postSolution
		SolutionGuid = {FED8FE16-97AC-4B53-AA47-A7088BEC698B}
	EndGlobalSection
EndGlobal
